{
  "name": "hal-wids",
  "version": "1.0.0",
  "lockfileVersion": 1,
  "requires": true,
  "dependencies": {
    "vuetify": {
      "version": "1.0.17",
      "resolved": "http://nexus.azi.com.br/repository/npm/vuetify/-/vuetify-1.0.17.tgz",
      "integrity": "sha512-Tlvb/9mCQEpUJvq2Y7VyXqoxpl+Of93DRwQKlvrvLCYp6wxLqUgMN08poXR6wJt7c+uSFK2BPhXzggnms3Gz8w=="
    }
  }
}
